
Microsoft Visual Studio Solution File, Format Version 12.00
# Visual Studio Version 16
VisualStudioVersion = 16.0.31005.135
MinimumVisualStudioVersion = 10.0.40219.1
Project("{9A19103F-16F7-4668-BE54-9A1E7A4F7556}") = "SGF", "SGF\SGF.csproj", "{3FE5694C-3D8A-4ACC-9D56-DA97800E27CB}"
EndProject
Global
	GlobalSection(SolutionConfigurationPlatforms) = preSolution
		Debug|Any CPU = Debug|Any CPU
		Release|Any CPU = Release|Any CPU
	EndGlobalSection
	GlobalSection(ProjectConfigurationPlatforms) = postSolution
		{3FE5694C-3D8A-4ACC-9D56-DA97800E27CB}.Debug|Any CPU.ActiveCfg = Debug|Any CPU
		{3FE5694C-3D8A-4ACC-9D56-DA97800E27CB}.Debug|Any CPU.Build.0 = Debug|Any CPU
		{3FE5694C-3D8A-4ACC-9D56-DA97800E27CB}.Release|Any CPU.ActiveCfg = Release|Any CPU
		{3FE5694C-3D8A-4ACC-9D56-DA97800E27CB}.Release|Any CPU.Build.0 = Release|Any CPU
	EndGlobalSection
	GlobalSection(SolutionProperties) = preSolution
		HideSolutionNode = FALSE
	EndGlobalSection
	GlobalSection(ExtensibilityGlobals) = postSolution
		SolutionGuid = {32304D0E-6FDF-4B7F-80AD-DEF250A9037F}
	EndGlobalSection
EndGlobal
